[io]
sha256 = "7210e5653539a15478f894d4da24cc69d61924cbcba21d2804d69314a88e5a4c"
sha512 = "49184a1b0945a889abd52d25271172ed3dc2db6968fcdddb1bab7ee0081f4a3eeee0977ad2291126a37631c0d86eeea75d822fa8af224c422134500bf9f0f2bb"

[webgpu]
url = "https://github.com/WebAssembly/wasi-webgpu/archive/09ec76a71ad44871d3adc2d3051c69540d9d9184.tar.gz"
sha256 = "0cd0b6a313f23b02c4fd8f44a2d282f1f966206c3c8749549df0aeaef75568e7"
sha512 = "7b0211ca78e16beba5f240195fb844a63dca24b69b2ca4b81d24cc58fdfc6863f722bcfca16994d5b2ef8ca9a15e014413c494352a522bcdfe4ec1ec8e198290"
deps = ["io"]
