[io]
sha256 = "7210e5653539a15478f894d4da24cc69d61924cbcba21d2804d69314a88e5a4c"
sha512 = "49184a1b0945a889abd52d25271172ed3dc2db6968fcdddb1bab7ee0081f4a3eeee0977ad2291126a37631c0d86eeea75d822fa8af224c422134500bf9f0f2bb"

[webgpu]
url = "https://github.com/WebAssembly/wasi-webgpu/archive/e7d097a8b4f5ae93c7e79e333dbdb7780b068148.tar.gz"
sha256 = "48f87100eee7c79a21b91a5b6a802dcd31e3a176684269812d97c90cf7cbf5b5"
sha512 = "ae01c7fb9eba6e05dcdbe7595998da4a887a772150f9c97e9d5c2bf59c95beb5eb8d91288774d0bc9ca48d43f4a11ee3b802c5316f3b8ccfc27d7be645247b16"
deps = ["io"]
